github.com/AmonFla/go-tools v0.0.0 h1:qk93G3wvbYUdzeSS5Brneig0u3qcHmu0ThoakMrGNlw=
github.com/AmonFla/go-tools v0.0.0/go.mod h1:/JpJxnjpy8n0x7r8UM6UaKAprnT8XWWMc9jwAFa3PPU=
github.com/AmonFla/go-tools v0.0.1 h1:9DSEWonkrxmoNGYTzbu9mCqE30qNPHl/Bqf1aZfs9HI=
github.com/AmonFla/go-tools v0.0.1/go.mod h1:JmTy3zQ0MwRGnErUeONzuyeAW/amffdDOBpcWugCUjc=
